// !$*UTF8*$!
{
	archiveVersion = 1;
	classes = {
	};
	objectVersion = 51;
	objects = {

/* Begin PBXBuildFile section */
		0394D48A7D3DBD8040A1EE85 /* Pods_AliFlix.framework in Frameworks */ = {isa = PBXBuildFile; fileRef = 8DAC652E10A99801E775B064 /* Pods_AliFlix.framework */; };
		10C868CDC79A5B37A6770270 /* Pods_AliFlixTests.framework in Frameworks */ = {isa = PBXBuildFile; fileRef = 24342F0B0E97E24A81F60E86 /* Pods_AliFlixTests.framework */; };
		35246483B25CADE1175741D3 /* Pods_AliFlix_AliFlixUITests.framework in Frameworks */ = {isa = PBXBuildFile; fileRef = 1A0A4FD9BEA7A44F58CCD730 /* Pods_AliFlix_AliFlixUITests.framework */; };
		47134BDD25D775E80032FF09 /* MovieDetailsViewController.swift in Sources */ = {isa = PBXBuildFile; fileRef = 47134BDC25D775E80032FF09 /* MovieDetailsViewController.swift */; };
		47F672E425D51C8C00D00375 /* AppDelegate.swift in Sources */ = {isa = PBXBuildFile; fileRef = 47F672E325D51C8C00D00375 /* AppDelegate.swift */; };
		47F672E625D51C8C00D00375 /* SceneDelegate.swift in Sources */ = {isa = PBXBuildFile; fileRef = 47F672E525D51C8C00D00375 /* SceneDelegate.swift */; };
		47F672EB25D51C8C00D00375 /* Main.storyboard in Resources */ = {isa = PBXBuildFile; fileRef = 47F672E925D51C8C00D00375 /* Main.storyboard */; };
		47F672ED25D51C9000D00375 /* Assets.xcassets in Resources */ = {isa = PBXBuildFile; fileRef = 47F672EC25D51C9000D00375 /* Assets.xcassets */; };
		47F672F025D51C9000D00375 /* LaunchScreen.storyboard in Resources */ = {isa = PBXBuildFile; fileRef = 47F672EE25D51C9000D00375 /* LaunchScreen.storyboard */; };
		47F672FB25D51C9100D00375 /* AliFlixTests.swift in Sources */ = {isa = PBXBuildFile; fileRef = 47F672FA25D51C9100D00375 /* AliFlixTests.swift */; };
		47F6730625D51C9100D00375 /* AliFlixUITests.swift in Sources */ = {isa = PBXBuildFile; fileRef = 47F6730525D51C9100D00375 /* AliFlixUITests.swift */; };
		47F6731A25D51E6400D00375 /* MoviesViewController.swift in Sources */ = {isa = PBXBuildFile; fileRef = 47F6731925D51E6400D00375 /* MoviesViewController.swift */; };
		47F6731F25D5F9A200D00375 /* MovieCell.swift in Sources */ = {isa = PBXBuildFile; fileRef = 47F6731E25D5F9A200D00375 /* MovieCell.swift */; };
/* End PBXBuildFile section */

/* Begin PBXContainerItemProxy section */
		47F672F725D51C9100D00375 /* PBXContainerItemProxy */ = {
			isa = PBXContainerItemProxy;
			containerPortal = 47F672D825D51C8C00D00375 /* Project object */;
			proxyType = 1;
			remoteGlobalIDString = 47F672DF25D51C8C00D00375;
			remoteInfo = AliFlix;
		};
		47F6730225D51C9100D00375 /* PBXContainerItemProxy */ = {
			isa = PBXContainerItemProxy;
			containerPortal = 47F672D825D51C8C00D00375 /* Project object */;
			proxyType = 1;
			remoteGlobalIDString = 47F672DF25D51C8C00D00375;
			remoteInfo = AliFlix;
		};
/* End PBXContainerItemProxy section */

/* Begin PBXFileReference section */
		0C8269EA5ABA0C73BF41D191 /* Pods-AliFlixTests.debug.xcconfig */ = {isa = PBXFileReference; includeInIndex = 1; lastKnownFileType = text.xcconfig; name = "Pods-AliFlixTests.debug.xcconfig"; path = "Target Support Files/Pods-AliFlixTests/Pods-AliFlixTests.debug.xcconfig"; sourceTree = "<group>"; };
		1A0A4FD9BEA7A44F58CCD730 /* Pods_AliFlix_AliFlixUITests.framework */ = {isa = PBXFileReference; explicitFileType = wrapper.framework; includeInIndex = 0; path = Pods_AliFlix_AliFlixUITests.framework; sourceTree = BUILT_PRODUCTS_DIR; };
		24342F0B0E97E24A81F60E86 /* Pods_AliFlixTests.framework */ = {isa = PBXFileReference; explicitFileType = wrapper.framework; includeInIndex = 0; path = Pods_AliFlixTests.framework; sourceTree = BUILT_PRODUCTS_DIR; };
		2ABC7BC77278598C35817AED /* Pods-AliFlix-AliFlixUITests.release.xcconfig */ = {isa = PBXFileReference; includeInIndex = 1; lastKnownFileType = text.xcconfig; name = "Pods-AliFlix-AliFlixUITests.release.xcconfig"; path = "Target Support Files/Pods-AliFlix-AliFlixUITests/Pods-AliFlix-AliFlixUITests.release.xcconfig"; sourceTree = "<group>"; };
		47134BDC25D775E80032FF09 /* MovieDetailsViewController.swift */ = {isa = PBXFileReference; lastKnownFileType = sourcecode.swift; path = MovieDetailsViewController.swift; sourceTree = "<group>"; };
		47F672E025D51C8C00D00375 /* AliFlix.app */ = {isa = PBXFileReference; explicitFileType = wrapper.application; includeInIndex = 0; path = AliFlix.app; sourceTree = BUILT_PRODUCTS_DIR; };
		47F672E325D51C8C00D00375 /* AppDelegate.swift */ = {isa = PBXFileReference; lastKnownFileType = sourcecode.swift; path = AppDelegate.swift; sourceTree = "<group>"; };
		47F672E525D51C8C00D00375 /* SceneDelegate.swift */ = {isa = PBXFileReference; lastKnownFileType = sourcecode.swift; path = SceneDelegate.swift; sourceTree = "<group>"; };
		47F672EA25D51C8C00D00375 /* Base */ = {isa = PBXFileReference; lastKnownFileType = file.storyboard; name = Base; path = Base.lproj/Main.storyboard; sourceTree = "<group>"; };
		47F672EC25D51C9000D00375 /* Assets.xcassets */ = {isa = PBXFileReference; lastKnownFileType = folder.assetcatalog; path = Assets.xcassets; sourceTree = "<group>"; };
		47F672EF25D51C9000D00375 /* Base */ = {isa = PBXFileReference; lastKnownFileType = file.storyboard; name = Base; path = Base.lproj/LaunchScreen.storyboard; sourceTree = "<group>"; };
		47F672F125D51C9000D00375 /* Info.plist */ = {isa = PBXFileReference; lastKnownFileType = text.plist.xml; path = Info.plist; sourceTree = "<group>"; };
		47F672F625D51C9100D00375 /* AliFlixTests.xctest */ = {isa = PBXFileReference; explicitFileType = wrapper.cfbundle; includeInIndex = 0; path = AliFlixTests.xctest; sourceTree = BUILT_PRODUCTS_DIR; };
		47F672FA25D51C9100D00375 /* AliFlixTests.swift */ = {isa = PBXFileReference; lastKnownFileType = sourcecode.swift; path = AliFlixTests.swift; sourceTree = "<group>"; };
		47F672FC25D51C9100D00375 /* Info.plist */ = {isa = PBXFileReference; lastKnownFileType = text.plist.xml; path = Info.plist; sourceTree = "<group>"; };
		47F6730125D51C9100D00375 /* AliFlixUITests.xctest */ = {isa = PBXFileReference; explicitFileType = wrapper.cfbundle; includeInIndex = 0; path = AliFlixUITests.xctest; sourceTree = BUILT_PRODUCTS_DIR; };
		47F6730525D51C9100D00375 /* AliFlixUITests.swift */ = {isa = PBXFileReference; lastKnownFileType = sourcecode.swift; path = AliFlixUITests.swift; sourceTree = "<group>"; };
		47F6730725D51C9100D00375 /* Info.plist */ = {isa = PBXFileReference; lastKnownFileType = text.plist.xml; path = Info.plist; sourceTree = "<group>"; };
		47F6731925D51E6400D00375 /* MoviesViewController.swift */ = {isa = PBXFileReference; lastKnownFileType = sourcecode.swift; path = MoviesViewController.swift; sourceTree = "<group>"; };
		47F6731E25D5F9A200D00375 /* MovieCell.swift */ = {isa = PBXFileReference; lastKnownFileType = sourcecode.swift; path = MovieCell.swift; sourceTree = "<group>"; };
		61FBD4EE200D5DA6399763DC /* Pods-AliFlix.debug.xcconfig */ = {isa = PBXFileReference; includeInIndex = 1; lastKnownFileType = text.xcconfig; name = "Pods-AliFlix.debug.xcconfig"; path = "Target Support Files/Pods-AliFlix/Pods-AliFlix.debug.xcconfig"; sourceTree = "<group>"; };
		71576766133608DEA351A08D /* Pods-AliFlix.release.xcconfig */ = {isa = PBXFileReference; includeInIndex = 1; lastKnownFileType = text.xcconfig; name = "Pods-AliFlix.release.xcconfig"; path = "Target Support Files/Pods-AliFlix/Pods-AliFlix.release.xcconfig"; sourceTree = "<group>"; };
		7B70760656C6B950052685E7 /* Pods-AliFlixTests.release.xcconfig */ = {isa = PBXFileReference; includeInIndex = 1; lastKnownFileType = text.xcconfig; name = "Pods-AliFlixTests.release.xcconfig"; path = "Target Support Files/Pods-AliFlixTests/Pods-AliFlixTests.release.xcconfig"; sourceTree = "<group>"; };
		8DAC652E10A99801E775B064 /* Pods_AliFlix.framework */ = {isa = PBXFileReference; explicitFileType = wrapper.framework; includeInIndex = 0; path = Pods_AliFlix.framework; sourceTree = BUILT_PRODUCTS_DIR; };
		A7B17EF6C3DA5F6D1C503E4D /* Pods-AliFlix-AliFlixUITests.debug.xcconfig */ = {isa = PBXFileReference; includeInIndex = 1; lastKnownFileType = text.xcconfig; name = "Pods-AliFlix-AliFlixUITests.debug.xcconfig"; path = "Target Support Files/Pods-AliFlix-AliFlixUITests/Pods-AliFlix-AliFlixUITests.debug.xcconfig"; sourceTree = "<group>"; };
/* End PBXFileReference section */

/* Begin PBXFrameworksBuildPhase section */
		47F672DD25D51C8C00D00375 /* Frameworks */ = {
			isa = PBXFrameworksBuildPhase;
			buildActionMask = 2147483647;
			files = (
				0394D48A7D3DBD8040A1EE85 /* Pods_AliFlix.framework in Frameworks */,
			);
			runOnlyForDeploymentPostprocessing = 0;
		};
		47F672F325D51C9100D00375 /* Frameworks */ = {
			isa = PBXFrameworksBuildPhase;
			buildActionMask = 2147483647;
			files = (
				10C868CDC79A5B37A6770270 /* Pods_AliFlixTests.framework in Frameworks */,
			);
			runOnlyForDeploymentPostprocessing = 0;
		};
		47F672FE25D51C9100D00375 /* Frameworks */ = {
			isa = PBXFrameworksBuildPhase;
			buildActionMask = 2147483647;
			files = (
				35246483B25CADE1175741D3 /* Pods_AliFlix_AliFlixUITests.framework in Frameworks */,
			);
			runOnlyForDeploymentPostprocessing = 0;
		};
/* End PBXFrameworksBuildPhase section */

/* Begin PBXGroup section */
		47F672D725D51C8C00D00375 = {
			isa = PBXGroup;
			children = (
				47F672E225D51C8C00D00375 /* AliFlix */,
				47F672F925D51C9100D00375 /* AliFlixTests */,
				47F6730425D51C9100D00375 /* AliFlixUITests */,
				47F672E125D51C8C00D00375 /* Products */,
				CE40D03F15C55284A8F379CC /* Pods */,
				FF43B1E9A905A916DAA6B3AE /* Frameworks */,
			);
			sourceTree = "<group>";
		};
		47F672E125D51C8C00D00375 /* Products */ = {
			isa = PBXGroup;
			children = (
				47F672E025D51C8C00D00375 /* AliFlix.app */,
				47F672F625D51C9100D00375 /* AliFlixTests.xctest */,
				47F6730125D51C9100D00375 /* AliFlixUITests.xctest */,
			);
			name = Products;
			sourceTree = "<group>";
		};
		47F672E225D51C8C00D00375 /* AliFlix */ = {
			isa = PBXGroup;
			children = (
				47F672E325D51C8C00D00375 /* AppDelegate.swift */,
				47F672E525D51C8C00D00375 /* SceneDelegate.swift */,
				47F672E925D51C8C00D00375 /* Main.storyboard */,
				47F672EC25D51C9000D00375 /* Assets.xcassets */,
				47F672EE25D51C9000D00375 /* LaunchScreen.storyboard */,
				47F672F125D51C9000D00375 /* Info.plist */,
				47F6731925D51E6400D00375 /* MoviesViewController.swift */,
				47F6731E25D5F9A200D00375 /* MovieCell.swift */,
				47134BDC25D775E80032FF09 /* MovieDetailsViewController.swift */,
			);
			path = AliFlix;
			sourceTree = "<group>";
		};
		47F672F925D51C9100D00375 /* AliFlixTests */ = {
			isa = PBXGroup;
			children = (
				47F672FA25D51C9100D00375 /* AliFlixTests.swift */,
				47F672FC25D51C9100D00375 /* Info.plist */,
			);
			path = AliFlixTests;
			sourceTree = "<group>";
		};
		47F6730425D51C9100D00375 /* AliFlixUITests */ = {
			isa = PBXGroup;
			children = (
				47F6730525D51C9100D00375 /* AliFlixUITests.swift */,
				47F6730725D51C9100D00375 /* Info.plist */,
			);
			path = AliFlixUITests;
			sourceTree = "<group>";
		};
		CE40D03F15C55284A8F379CC /* Pods */ = {
			isa = PBXGroup;
			children = (
				61FBD4EE200D5DA6399763DC /* Pods-AliFlix.debug.xcconfig */,
				71576766133608DEA351A08D /* Pods-AliFlix.release.xcconfig */,
				A7B17EF6C3DA5F6D1C503E4D /* Pods-AliFlix-AliFlixUITests.debug.xcconfig */,
				2ABC7BC77278598C35817AED /* Pods-AliFlix-AliFlixUITests.release.xcconfig */,
				0C8269EA5ABA0C73BF41D191 /* Pods-AliFlixTests.debug.xcconfig */,
				7B70760656C6B950052685E7 /* Pods-AliFlixTests.release.xcconfig */,
			);
			path = Pods;
			sourceTree = "<group>";
		};
		FF43B1E9A905A916DAA6B3AE /* Frameworks */ = {
			isa = PBXGroup;
			children = (
				8DAC652E10A99801E775B064 /* Pods_AliFlix.framework */,
				1A0A4FD9BEA7A44F58CCD730 /* Pods_AliFlix_AliFlixUITests.framework */,
				24342F0B0E97E24A81F60E86 /* Pods_AliFlixTests.framework */,
			);
			name = Frameworks;
			sourceTree = "<group>";
		};
/* End PBXGroup section */

/* Begin PBXNativeTarget section */
		47F672DF25D51C8C00D00375 /* AliFlix */ = {
			isa = PBXNativeTarget;
			buildConfigurationList = 47F6730A25D51C9100D00375 /* Build configuration list for PBXNativeTarget "AliFlix" */;
			buildPhases = (
				898E71DF9CB619D4244CDED4 /* [CP] Check Pods Manifest.lock */,
				47F672DC25D51C8C00D00375 /* Sources */,
				47F672DD25D51C8C00D00375 /* Frameworks */,
				47F672DE25D51C8C00D00375 /* Resources */,
				4D6747E8CE69BAA4B8731424 /* [CP] Embed Pods Frameworks */,
			);
			buildRules = (
			);
			dependencies = (
			);
			name = AliFlix;
			productName = AliFlix;
			productReference = 47F672E025D51C8C00D00375 /* AliFlix.app */;
			productType = "com.apple.product-type.application";
		};
		47F672F525D51C9100D00375 /* AliFlixTests */ = {
			isa = PBXNativeTarget;
			buildConfigurationList = 47F6730D25D51C9100D00375 /* Build configuration list for PBXNativeTarget "AliFlixTests" */;
			buildPhases = (
				FBD61F31AAE6A2334128CA31 /* [CP] Check Pods Manifest.lock */,
				47F672F225D51C9100D00375 /* Sources */,
				47F672F325D51C9100D00375 /* Frameworks */,
				47F672F425D51C9100D00375 /* Resources */,
			);
			buildRules = (
			);
			dependencies = (
				47F672F825D51C9100D00375 /* PBXTargetDependency */,
			);
			name = AliFlixTests;
			productName = AliFlixTests;
			productReference = 47F672F625D51C9100D00375 /* AliFlixTests.xctest */;
			productType = "com.apple.product-type.bundle.unit-test";
		};
		47F6730025D51C9100D00375 /* AliFlixUITests */ = {
			isa = PBXNativeTarget;
			buildConfigurationList = 47F6731025D51C9100D00375 /* Build configuration list for PBXNativeTarget "AliFlixUITests" */;
			buildPhases = (
				03BE6D1F3C9EBCD7C4253193 /* [CP] Check Pods Manifest.lock */,
				47F672FD25D51C9100D00375 /* Sources */,
				47F672FE25D51C9100D00375 /* Frameworks */,
				47F672FF25D51C9100D00375 /* Resources */,
				B50410EB6742DB9604BB1FE4 /* [CP] Embed Pods Frameworks */,
			);
			buildRules = (
			);
			dependencies = (
				47F6730325D51C9100D00375 /* PBXTargetDependency */,
			);
			name = AliFlixUITests;
			productName = AliFlixUITests;
			productReference = 47F6730125D51C9100D00375 /* AliFlixUITests.xctest */;
			productType = "com.apple.product-type.bundle.ui-testing";
		};
/* End PBXNativeTarget section */

/* Begin PBXProject section */
		47F672D825D51C8C00D00375 /* Project object */ = {
			isa = PBXProject;
			attributes = {
				LastSwiftUpdateCheck = 1240;
				LastUpgradeCheck = 1240;
				TargetAttributes = {
					47F672DF25D51C8C00D00375 = {
						CreatedOnToolsVersion = 12.4;
					};
					47F672F525D51C9100D00375 = {
						CreatedOnToolsVersion = 12.4;
						TestTargetID = 47F672DF25D51C8C00D00375;
					};
					47F6730025D51C9100D00375 = {
						CreatedOnToolsVersion = 12.4;
						TestTargetID = 47F672DF25D51C8C00D00375;
					};
				};
			};
			buildConfigurationList = 47F672DB25D51C8C00D00375 /* Build configuration list for PBXProject "AliFlix" */;
			compatibilityVersion = "Xcode 9.3";
			developmentRegion = en;
			hasScannedForEncodings = 0;
			knownRegions = (
				en,
				Base,
			);
			mainGroup = 47F672D725D51C8C00D00375;
			productRefGroup = 47F672E125D51C8C00D00375 /* Products */;
			projectDirPath = "";
			projectRoot = "";
			targets = (
				47F672DF25D51C8C00D00375 /* AliFlix */,
				47F672F525D51C9100D00375 /* AliFlixTests */,
				47F6730025D51C9100D00375 /* AliFlixUITests */,
			);
		};
/* End PBXProject section */

/* Begin PBXResourcesBuildPhase section */
		47F672DE25D51C8C00D00375 /* Resources */ = {
			isa = PBXResourcesBuildPhase;
			buildActionMask = 2147483647;
			files = (
				47F672F025D51C9000D00375 /* LaunchScreen.storyboard in Resources */,
				47F672ED25D51C9000D00375 /* Assets.xcassets in Resources */,
				47F672EB25D51C8C00D00375 /* Main.storyboard in Resources */,
			);
			runOnlyForDeploymentPostprocessing = 0;
		};
		47F672F425D51C9100D00375 /* Resources */ = {
			isa = PBXResourcesBuildPhase;
			buildActionMask = 2147483647;
			files = (
			);
			runOnlyForDeploymentPostprocessing = 0;
		};
		47F672FF25D51C9100D00375 /* Resources */ = {
			isa = PBXResourcesBuildPhase;
			buildActionMask = 2147483647;
			files = (
			);
			runOnlyForDeploymentPostprocessing = 0;
		};
/* End PBXResourcesBuildPhase section */

/* Begin PBXShellScriptBuildPhase section */
		03BE6D1F3C9EBCD7C4253193 /* [CP] Check Pods Manifest.lock */ = {
			isa = PBXShellScriptBuildPhase;
			buildActionMask = 2147483647;
			files = (
			);
			inputFileListPaths = (
			);
			inputPaths = (
				"${PODS_PODFILE_DIR_PATH}/Podfile.lock",
				"${PODS_ROOT}/Manifest.lock",
			);
			name = "[CP] Check Pods Manifest.lock";
			outputFileListPaths = (
			);
			outputPaths = (
				"$(DERIVED_FILE_DIR)/Pods-AliFlix-AliFlixUITests-checkManifestLockResult.txt",
			);
			runOnlyForDeploymentPostprocessing = 0;
			shellPath = /bin/sh;
			shellScript = "diff \"${PODS_PODFILE_DIR_PATH}/Podfile.lock\" \"${PODS_ROOT}/Manifest.lock\" > /dev/null\nif [ $? != 0 ] ; then\n    # print error to STDERR\n    echo \"error: The sandbox is not in sync with the Podfile.lock. Run 'pod install' or update your CocoaPods installation.\" >&2\n    exit 1\nfi\n# This output is used by Xcode 'outputs' to avoid re-running this script phase.\necho \"SUCCESS\" > \"${SCRIPT_OUTPUT_FILE_0}\"\n";
			showEnvVarsInLog = 0;
		};
		4D6747E8CE69BAA4B8731424 /* [CP] Embed Pods Frameworks */ = {
			isa = PBXShellScriptBuildPhase;
			buildActionMask = 2147483647;
			files = (
			);
			inputFileListPaths = (
				"${PODS_ROOT}/Target Support Files/Pods-AliFlix/Pods-AliFlix-frameworks-${CONFIGURATION}-input-files.xcfilelist",
			);
			name = "[CP] Embed Pods Frameworks";
			outputFileListPaths = (
				"${PODS_ROOT}/Target Support Files/Pods-AliFlix/Pods-AliFlix-frameworks-${CONFIGURATION}-output-files.xcfilelist",
			);
			runOnlyForDeploymentPostprocessing = 0;
			shellPath = /bin/sh;
			shellScript = "\"${PODS_ROOT}/Target Support Files/Pods-AliFlix/Pods-AliFlix-frameworks.sh\"\n";
			showEnvVarsInLog = 0;
		};
		898E71DF9CB619D4244CDED4 /* [CP] Check Pods Manifest.lock */ = {
			isa = PBXShellScriptBuildPhase;
			buildActionMask = 2147483647;
			files = (
			);
			inputFileListPaths = (
			);
			inputPaths = (
				"${PODS_PODFILE_DIR_PATH}/Podfile.lock",
				"${PODS_ROOT}/Manifest.lock",
			);
			name = "[CP] Check Pods Manifest.lock";
			outputFileListPaths = (
			);
			outputPaths = (
				"$(DERIVED_FILE_DIR)/Pods-AliFlix-checkManifestLockResult.txt",
			);
			runOnlyForDeploymentPostprocessing = 0;
			shellPath = /bin/sh;
			shellScript = "diff \"${PODS_PODFILE_DIR_PATH}/Podfile.lock\" \"${PODS_ROOT}/Manifest.lock\" > /dev/null\nif [ $? != 0 ] ; then\n    # print error to STDERR\n    echo \"error: The sandbox is not in sync with the Podfile.lock. Run 'pod install' or update your CocoaPods installation.\" >&2\n    exit 1\nfi\n# This output is used by Xcode 'outputs' to avoid re-running this script phase.\necho \"SUCCESS\" > \"${SCRIPT_OUTPUT_FILE_0}\"\n";
			showEnvVarsInLog = 0;
		};
		B50410EB6742DB9604BB1FE4 /* [CP] Embed Pods Frameworks */ = {
			isa = PBXShellScriptBuildPhase;
			buildActionMask = 2147483647;
			files = (
			);
			inputFileListPaths = (
				"${PODS_ROOT}/Target Support Files/Pods-AliFlix-AliFlixUITests/Pods-AliFlix-AliFlixUITests-frameworks-${CONFIGURATION}-input-files.xcfilelist",
			);
			name = "[CP] Embed Pods Frameworks";
			outputFileListPaths = (
				"${PODS_ROOT}/Target Support Files/Pods-AliFlix-AliFlixUITests/Pods-AliFlix-AliFlixUITests-frameworks-${CONFIGURATION}-output-files.xcfilelist",
			);
			runOnlyForDeploymentPostprocessing = 0;
			shellPath = /bin/sh;
			shellScript = "\"${PODS_ROOT}/Target Support Files/Pods-AliFlix-AliFlixUITests/Pods-AliFlix-AliFlixUITests-frameworks.sh\"\n";
			showEnvVarsInLog = 0;
		};
		FBD61F31AAE6A2334128CA31 /* [CP] Check Pods Manifest.lock */ = {
			isa = PBXShellScriptBuildPhase;
			buildActionMask = 2147483647;
			files = (
			);
			inputFileListPaths = (
			);
			inputPaths = (
				"${PODS_PODFILE_DIR_PATH}/Podfile.lock",
				"${PODS_ROOT}/Manifest.lock",
			);
			name = "[CP] Check Pods Manifest.lock";
			outputFileListPaths = (
			);
			outputPaths = (
				"$(DERIVED_FILE_DIR)/Pods-AliFlixTests-checkManifestLockResult.txt",
			);
			runOnlyForDeploymentPostprocessing = 0;
			shellPath = /bin/sh;
			shellScript = "diff \"${PODS_PODFILE_DIR_PATH}/Podfile.lock\" \"${PODS_ROOT}/Manifest.lock\" > /dev/null\nif [ $? != 0 ] ; then\n    # print error to STDERR\n    echo \"error: The sandbox is not in sync with the Podfile.lock. Run 'pod install' or update your CocoaPods installation.\" >&2\n    exit 1\nfi\n# This output is used by Xcode 'outputs' to avoid re-running this script phase.\necho \"SUCCESS\" > \"${SCRIPT_OUTPUT_FILE_0}\"\n";
			showEnvVarsInLog = 0;
		};
/* End PBXShellScriptBuildPhase section */

/* Begin PBXSourcesBuildPhase section */
		47F672DC25D51C8C00D00375 /* Sources */ = {
			isa = PBXSourcesBuildPhase;
			buildActionMask = 2147483647;
			files = (
				47134BDD25D775E80032FF09 /* MovieDetailsViewController.swift in Sources */,
				47F672E425D51C8C00D00375 /* AppDelegate.swift in Sources */,
				47F672E625D51C8C00D00375 /* SceneDelegate.swift in Sources */,
				47F6731F25D5F9A200D00375 /* MovieCell.swift in Sources */,
				47F6731A25D51E6400D00375 /* MoviesViewController.swift in Sources */,
			);
			runOnlyForDeploymentPostprocessing = 0;
		};
		47F672F225D51C9100D00375 /* Sources */ = {
			isa = PBXSourcesBuildPhase;
			buildActionMask = 2147483647;
			files = (
				47F672FB25D51C9100D00375 /* AliFlixTests.swift in Sources */,
			);
			runOnlyForDeploymentPostprocessing = 0;
		};
		47F672FD25D51C9100D00375 /* Sources */ = {
			isa = PBXSourcesBuildPhase;
			buildActionMask = 2147483647;
			files = (
				47F6730625D51C9100D00375 /* AliFlixUITests.swift in Sources */,
			);
			runOnlyForDeploymentPostprocessing = 0;
		};
/* End PBXSourcesBuildPhase section */

/* Begin PBXTargetDependency section */
		47F672F825D51C9100D00375 /* PBXTargetDependency */ = {
			isa = PBXTargetDependency;
			target = 47F672DF25D51C8C00D00375 /* AliFlix */;
			targetProxy = 47F672F725D51C9100D00375 /* PBXContainerItemProxy */;
		};
		47F6730325D51C9100D00375 /* PBXTargetDependency */ = {
			isa = PBXTargetDependency;
			target = 47F672DF25D51C8C00D00375 /* AliFlix */;
			targetProxy = 47F6730225D51C9100D00375 /* PBXContainerItemProxy */;
		};
/* End PBXTargetDependency section */

/* Begin PBXVariantGroup section */
		47F672E925D51C8C00D00375 /* Main.storyboard */ = {
			isa = PBXVariantGroup;
			children = (
				47F672EA25D51C8C00D00375 /* Base */,
			);
			name = Main.storyboard;
			sourceTree = "<group>";
		};
		47F672EE25D51C9000D00375 /* LaunchScreen.storyboard */ = {
			isa = PBXVariantGroup;
			children = (
				47F672EF25D51C9000D00375 /* Base */,
			);
			name = LaunchScreen.storyboard;
			sourceTree = "<group>";
		};
/* End PBXVariantGroup section */

/* Begin XCBuildConfiguration section */
		47F6730825D51C9100D00375 /* Debug */ = {
			isa = XCBuildConfiguration;
			buildSettings = {
				ALWAYS_SEARCH_USER_PATHS = NO;
				CLANG_ANALYZER_NONNULL = YES;
				CLANG_ANALYZER_NUMBER_OBJECT_CONVERSION = YES_AGGRESSIVE;
				CLANG_CXX_LANGUAGE_STANDARD = "gnu++14";
				CLANG_CXX_LIBRARY = "libc++";
				CLANG_ENABLE_MODULES = YES;
				CLANG_ENABLE_OBJC_ARC = YES;
				CLANG_ENABLE_OBJC_WEAK = YES;
				CLANG_WARN_BLOCK_CAPTURE_AUTORELEASING = YES;
				CLANG_WARN_BOOL_CONVERSION = YES;
				CLANG_WARN_COMMA = YES;
				CLANG_WARN_CONSTANT_CONVERSION = YES;
				CLANG_WARN_DEPRECATED_OBJC_IMPLEMENTATIONS = YES;
				CLANG_WARN_DIRECT_OBJC_ISA_USAGE = YES_ERROR;
				CLANG_WARN_DOCUMENTATION_COMMENTS = YES;
				CLANG_WARN_EMPTY_BODY = YES;
				CLANG_WARN_ENUM_CONVERSION = YES;
				CLANG_WARN_INFINITE_RECURSION = YES;
				CLANG_WARN_INT_CONVERSION = YES;
				CLANG_WARN_NON_LITERAL_NULL_CONVERSION = YES;
				CLANG_WARN_OBJC_IMPLICIT_RETAIN_SELF = YES;
				CLANG_WARN_OBJC_LITERAL_CONVERSION = YES;
				CLANG_WARN_OBJC_ROOT_CLASS = YES_ERROR;
				CLANG_WARN_QUOTED_INCLUDE_IN_FRAMEWORK_HEADER = YES;
				CLANG_WARN_RANGE_LOOP_ANALYSIS = YES;
				CLANG_WARN_STRICT_PROTOTYPES = YES;
				CLANG_WARN_SUSPICIOUS_MOVE = YES;
				CLANG_WARN_UNGUARDED_AVAILABILITY = YES_AGGRESSIVE;
				CLANG_WARN_UNREACHABLE_CODE = YES;
				CLANG_WARN__DUPLICATE_METHOD_MATCH = YES;
				COPY_PHASE_STRIP = NO;
				DEBUG_INFORMATION_FORMAT = dwarf;
				ENABLE_STRICT_OBJC_MSGSEND = YES;
				ENABLE_TESTABILITY = YES;
				GCC_C_LANGUAGE_STANDARD = gnu11;
				GCC_DYNAMIC_NO_PIC = NO;
				GCC_NO_COMMON_BLOCKS = YES;
				GCC_OPTIMIZATION_LEVEL = 0;
				GCC_PREPROCESSOR_DEFINITIONS = (
					"DEBUG=1",
					"$(inherited)",
				);
				GCC_WARN_64_TO_32_BIT_CONVERSION = YES;
				GCC_WARN_ABOUT_RETURN_TYPE = YES_ERROR;
				GCC_WARN_UNDECLARED_SELECTOR = YES;
				GCC_WARN_UNINITIALIZED_AUTOS = YES_AGGRESSIVE;
				GCC_WARN_UNUSED_FUNCTION = YES;
				GCC_WARN_UNUSED_VARIABLE = YES;
				IPHONEOS_DEPLOYMENT_TARGET = 14.4;
				MTL_ENABLE_DEBUG_INFO = INCLUDE_SOURCE;
				MTL_FAST_MATH = YES;
				ONLY_ACTIVE_ARCH = YES;
				SDKROOT = iphoneos;
				SWIFT_ACTIVE_COMPILATION_CONDITIONS = DEBUG;
				SWIFT_OPTIMIZATION_LEVEL = "-Onone";
			};
			name = Debug;
		};
		47F6730925D51C9100D00375 /* Release */ = {
			isa = XCBuildConfiguration;
			buildSettings = {
				ALWAYS_SEARCH_USER_PATHS = NO;
				CLANG_ANALYZER_NONNULL = YES;
				CLANG_ANALYZER_NUMBER_OBJECT_CONVERSION = YES_AGGRESSIVE;
				CLANG_CXX_LANGUAGE_STANDARD = "gnu++14";
				CLANG_CXX_LIBRARY = "libc++";
				CLANG_ENABLE_MODULES = YES;
				CLANG_ENABLE_OBJC_ARC = YES;
				CLANG_ENABLE_OBJC_WEAK = YES;
				CLANG_WARN_BLOCK_CAPTURE_AUTORELEASING = YES;
				CLANG_WARN_BOOL_CONVERSION = YES;
				CLANG_WARN_COMMA = YES;
				CLANG_WARN_CONSTANT_CONVERSION = YES;
				CLANG_WARN_DEPRECATED_OBJC_IMPLEMENTATIONS = YES;
				CLANG_WARN_DIRECT_OBJC_ISA_USAGE = YES_ERROR;
				CLANG_WARN_DOCUMENTATION_COMMENTS = YES;
				CLANG_WARN_EMPTY_BODY = YES;
				CLANG_WARN_ENUM_CONVERSION = YES;
				CLANG_WARN_INFINITE_RECURSION = YES;
				CLANG_WARN_INT_CONVERSION = YES;
				CLANG_WARN_NON_LITERAL_NULL_CONVERSION = YES;
				CLANG_WARN_OBJC_IMPLICIT_RETAIN_SELF = YES;
				CLANG_WARN_OBJC_LITERAL_CONVERSION = YES;
				CLANG_WARN_OBJC_ROOT_CLASS = YES_ERROR;
				CLANG_WARN_QUOTED_INCLUDE_IN_FRAMEWORK_HEADER = YES;
				CLANG_WARN_RANGE_LOOP_ANALYSIS = YES;
				CLANG_WARN_STRICT_PROTOTYPES = YES;
				CLANG_WARN_SUSPICIOUS_MOVE = YES;
				CLANG_WARN_UNGUARDED_AVAILABILITY = YES_AGGRESSIVE;
				CLANG_WARN_UNREACHABLE_CODE = YES;
				CLANG_WARN__DUPLICATE_METHOD_MATCH = YES;
				COPY_PHASE_STRIP = NO;
				DEBUG_INFORMATION_FORMAT = "dwarf-with-dsym";
				ENABLE_NS_ASSERTIONS = NO;
				ENABLE_STRICT_OBJC_MSGSEND = YES;
				GCC_C_LANGUAGE_STANDARD = gnu11;
				GCC_NO_COMMON_BLOCKS = YES;
				GCC_WARN_64_TO_32_BIT_CONVERSION = YES;
				GCC_WARN_ABOUT_RETURN_TYPE = YES_ERROR;
				GCC_WARN_UNDECLARED_SELECTOR = YES;
				GCC_WARN_UNINITIALIZED_AUTOS = YES_AGGRESSIVE;
				GCC_WARN_UNUSED_FUNCTION = YES;
				GCC_WARN_UNUSED_VARIABLE = YES;
				IPHONEOS_DEPLOYMENT_TARGET = 14.4;
				MTL_ENABLE_DEBUG_INFO = NO;
				MTL_FAST_MATH = YES;
				SDKROOT = iphoneos;
				SWIFT_COMPILATION_MODE = wholemodule;
				SWIFT_OPTIMIZATION_LEVEL = "-O";
				VALIDATE_PRODUCT = YES;
			};
			name = Release;
		};
		47F6730B25D51C9100D00375 /* Debug */ = {
			isa = XCBuildConfiguration;
			baseConfigurationReference = 61FBD4EE200D5DA6399763DC /* Pods-AliFlix.debug.xcconfig */;
			buildSettings = {
				ASSETCATALOG_COMPILER_APPICON_NAME = AppIcon;
				ASSETCATALOG_COMPILER_GLOBAL_ACCENT_COLOR_NAME = AccentColor;
				CODE_SIGN_STYLE = Automatic;
				DEVELOPMENT_TEAM = U8KKKYWXF4;
				INFOPLIST_FILE = AliFlix/Info.plist;
				LD_RUNPATH_SEARCH_PATHS = (
					"$(inherited)",
					"@executable_path/Frameworks",
				);
				PRODUCT_BUNDLE_IDENTIFIER = Alimama.AliFlix;
				PRODUCT_NAME = "$(TARGET_NAME)";
				SWIFT_VERSION = 5.0;
				TARGETED_DEVICE_FAMILY = "1,2";
			};
			name = Debug;
		};
		47F6730C25D51C9100D00375 /* Release */ = {
			isa = XCBuildConfiguration;
			baseConfigurationReference = 71576766133608DEA351A08D /* Pods-AliFlix.release.xcconfig */;
			buildSettings = {
				ASSETCATALOG_COMPILER_APPICON_NAME = AppIcon;
				ASSETCATALOG_COMPILER_GLOBAL_ACCENT_COLOR_NAME = AccentColor;
				CODE_SIGN_STYLE = Automatic;
				DEVELOPMENT_TEAM = U8KKKYWXF4;
				INFOPLIST_FILE = AliFlix/Info.plist;
				LD_RUNPATH_SEARCH_PATHS = (
					"$(inherited)",
					"@executable_path/Frameworks",
				);
				PRODUCT_BUNDLE_IDENTIFIER = Alimama.AliFlix;
				PRODUCT_NAME = "$(TARGET_NAME)";
				SWIFT_VERSION = 5.0;
				TARGETED_DEVICE_FAMILY = "1,2";
			};
			name = Release;
		};
		47F6730E25D51C9100D00375 /* Debug */ = {
			isa = XCBuildConfiguration;
			baseConfigurationReference = 0C8269EA5ABA0C73BF41D191 /* Pods-AliFlixTests.debug.xcconfig */;
			buildSettings = {
				ALWAYS_EMBED_SWIFT_STANDARD_LIBRARIES = YES;
				BUNDLE_LOADER = "$(TEST_HOST)";
				CODE_SIGN_STYLE = Automatic;
				DEVELOPMENT_TEAM = U8KKKYWXF4;
				INFOPLIST_FILE = AliFlixTests/Info.plist;
				IPHONEOS_DEPLOYMENT_TARGET = 14.4;
				LD_RUNPATH_SEARCH_PATHS = (
					"$(inherited)",
					"@executable_path/Frameworks",
					"@loader_path/Frameworks",
				);
				PRODUCT_BUNDLE_IDENTIFIER = Alimama.AliFlixTests;
				PRODUCT_NAME = "$(TARGET_NAME)";
				SWIFT_VERSION = 5.0;
				TARGETED_DEVICE_FAMILY = "1,2";
				TEST_HOST = "$(BUILT_PRODUCTS_DIR)/AliFlix.app/AliFlix";
			};
			name = Debug;
		};
		47F6730F25D51C9100D00375 /* Release */ = {
			isa = XCBuildConfiguration;
			baseConfigurationReference = 7B70760656C6B950052685E7 /* Pods-AliFlixTests.release.xcconfig */;
			buildSettings = {
				ALWAYS_EMBED_SWIFT_STANDARD_LIBRARIES = YES;
				BUNDLE_LOADER = "$(TEST_HOST)";
				CODE_SIGN_STYLE = Automatic;
				DEVELOPMENT_TEAM = U8KKKYWXF4;
				INFOPLIST_FILE = AliFlixTests/Info.plist;
				IPHONEOS_DEPLOYMENT_TARGET = 14.4;
				LD_RUNPATH_SEARCH_PATHS = (
					"$(inherited)",
					"@executable_path/Frameworks",
					"@loader_path/Frameworks",
				);
				PRODUCT_BUNDLE_IDENTIFIER = Alimama.AliFlixTests;
				PRODUCT_NAME = "$(TARGET_NAME)";
				SWIFT_VERSION = 5.0;
				TARGETED_DEVICE_FAMILY = "1,2";
				TEST_HOST = "$(BUILT_PRODUCTS_DIR)/AliFlix.app/AliFlix";
			};
			name = Release;
		};
		47F6731125D51C9100D00375 /* Debug */ = {
			isa = XCBuildConfiguration;
			baseConfigurationReference = A7B17EF6C3DA5F6D1C503E4D /* Pods-AliFlix-AliFlixUITests.debug.xcconfig */;
			buildSettings = {
				ALWAYS_EMBED_SWIFT_STANDARD_LIBRARIES = YES;
				CODE_SIGN_STYLE = Automatic;
				DEVELOPMENT_TEAM = U8KKKYWXF4;
				INFOPLIST_FILE = AliFlixUITests/Info.plist;
				LD_RUNPATH_SEARCH_PATHS = (
					"$(inherited)",
					"@executable_path/Frameworks",
					"@loader_path/Frameworks",
				);
				PRODUCT_BUNDLE_IDENTIFIER = Alimama.AliFlixUITests;
				PRODUCT_NAME = "$(TARGET_NAME)";
				SWIFT_VERSION = 5.0;
				TARGETED_DEVICE_FAMILY = "1,2";
				TEST_TARGET_NAME = AliFlix;
			};
			name = Debug;
		};
		47F6731225D51C9100D00375 /* Release */ = {
			isa = XCBuildConfiguration;
			baseConfigurationReference = 2ABC7BC77278598C35817AED /* Pods-AliFlix-AliFlixUITests.release.xcconfig */;
			buildSettings = {
				ALWAYS_EMBED_SWIFT_STANDARD_LIBRARIES = YES;
				CODE_SIGN_STYLE = Automatic;
				DEVELOPMENT_TEAM = U8KKKYWXF4;
				INFOPLIST_FILE = AliFlixUITests/Info.plist;
				LD_RUNPATH_SEARCH_PATHS = (
					"$(inherited)",
					"@executable_path/Frameworks",
					"@loader_path/Frameworks",
				);
				PRODUCT_BUNDLE_IDENTIFIER = Alimama.AliFlixUITests;
				PRODUCT_NAME = "$(TARGET_NAME)";
				SWIFT_VERSION = 5.0;
				TARGETED_DEVICE_FAMILY = "1,2";
				TEST_TARGET_NAME = AliFlix;
			};
			name = Release;
		};
/* End XCBuildConfiguration section */

/* Begin XCConfigurationList section */
		47F672DB25D51C8C00D00375 /* Build configuration list for PBXProject "AliFlix" */ = {
			isa = XCConfigurationList;
			buildConfigurations = (
				47F6730825D51C9100D00375 /* Debug */,
				47F6730925D51C9100D00375 /* Release */,
			);
			defaultConfigurationIsVisible = 0;
			defaultConfigurationName = Release;
		};
		47F6730A25D51C9100D00375 /* Build configuration list for PBXNativeTarget "AliFlix" */ = {
			isa = XCConfigurationList;
			buildConfigurations = (
				47F6730B25D51C9100D00375 /* Debug */,
				47F6730C25D51C9100D00375 /* Release */,
			);
			defaultConfigurationIsVisible = 0;
			defaultConfigurationName = Release;
		};
		47F6730D25D51C9100D00375 /* Build configuration list for PBXNativeTarget "AliFlixTests" */ = {
			isa = XCConfigurationList;
			buildConfigurations = (
				47F6730E25D51C9100D00375 /* Debug */,
				47F6730F25D51C9100D00375 /* Release */,
			);
			defaultConfigurationIsVisible = 0;
			defaultConfigurationName = Release;
		};
		47F6731025D51C9100D00375 /* Build configuration list for PBXNativeTarget "AliFlixUITests" */ = {
			isa = XCConfigurationList;
			buildConfigurations = (
				47F6731125D51C9100D00375 /* Debug */,
				47F6731225D51C9100D00375 /* Release */,
			);
			defaultConfigurationIsVisible = 0;
			defaultConfigurationName = Release;
		};
/* End XCConfigurationList section */
	};
	rootObject = 47F672D825D51C8C00D00375 /* Project object */;
}
